
Microsoft Visual Studio Solution File, Format Version 12.00
# Visual Studio Version 17
VisualStudioVersion = 17.12.35521.163 d17.12
MinimumVisualStudioVersion = 10.0.40219.1
Project("{FAE04EC0-301F-11D3-BF4B-00C04F79EFBC}") = "Myproject", "Myproject\Myproject.csproj", "{ED5D7C9A-456F-4B3F-B94D-2DB7E6E6A566}"
	ProjectSection(ProjectDependencies) = postProject
		{103CD5F6-9D9A-4DB9-9280-6EADFF18AE85} = {103CD5F6-9D9A-4DB9-9280-6EADFF18AE85}
		{5AA0ECCF-5C8A-4850-9DC1-0F9B3922CA67} = {5AA0ECCF-5C8A-4850-9DC1-0F9B3922CA67}
		{98CCCF3B-C81F-45B7-A455-6C47F263C852} = {98CCCF3B-C81F-45B7-A455-6C47F263C852}
	EndProjectSection
EndProject
Project("{FAE04EC0-301F-11D3-BF4B-00C04F79EFBC}") = "MyBAL", "MyBAL\MyBAL.csproj", "{103CD5F6-9D9A-4DB9-9280-6EADFF18AE85}"
	ProjectSection(ProjectDependencies) = postProject
		{5AA0ECCF-5C8A-4850-9DC1-0F9B3922CA67} = {5AA0ECCF-5C8A-4850-9DC1-0F9B3922CA67}
		{98CCCF3B-C81F-45B7-A455-6C47F263C852} = {98CCCF3B-C81F-45B7-A455-6C47F263C852}
	EndProjectSection
EndProject
Project("{FAE04EC0-301F-11D3-BF4B-00C04F79EFBC}") = "MyDAL", "MyDAL\MyDAL.csproj", "{5AA0ECCF-5C8A-4850-9DC1-0F9B3922CA67}"
	ProjectSection(ProjectDependencies) = postProject
		{98CCCF3B-C81F-45B7-A455-6C47F263C852} = {98CCCF3B-C81F-45B7-A455-6C47F263C852}
	EndProjectSection
EndProject
Project("{FAE04EC0-301F-11D3-BF4B-00C04F79EFBC}") = "Model", "Model\Model.csproj", "{98CCCF3B-C81F-45B7-A455-6C47F263C852}"
EndProject
Global
	GlobalSection(SolutionConfigurationPlatforms) = preSolution
		Debug|Any CPU = Debug|Any CPU
		Release|Any CPU = Release|Any CPU
	EndGlobalSection
	GlobalSection(ProjectConfigurationPlatforms) = postSolution
		{ED5D7C9A-456F-4B3F-B94D-2DB7E6E6A566}.Debug|Any CPU.ActiveCfg = Debug|Any CPU
		{ED5D7C9A-456F-4B3F-B94D-2DB7E6E6A566}.Debug|Any CPU.Build.0 = Debug|Any CPU
		{ED5D7C9A-456F-4B3F-B94D-2DB7E6E6A566}.Release|Any CPU.ActiveCfg = Release|Any CPU
		{ED5D7C9A-456F-4B3F-B94D-2DB7E6E6A566}.Release|Any CPU.Build.0 = Release|Any CPU
		{103CD5F6-9D9A-4DB9-9280-6EADFF18AE85}.Debug|Any CPU.ActiveCfg = Debug|Any CPU
		{103CD5F6-9D9A-4DB9-9280-6EADFF18AE85}.Debug|Any CPU.Build.0 = Debug|Any CPU
		{103CD5F6-9D9A-4DB9-9280-6EADFF18AE85}.Release|Any CPU.ActiveCfg = Release|Any CPU
		{103CD5F6-9D9A-4DB9-9280-6EADFF18AE85}.Release|Any CPU.Build.0 = Release|Any CPU
		{5AA0ECCF-5C8A-4850-9DC1-0F9B3922CA67}.Debug|Any CPU.ActiveCfg = Debug|Any CPU
		{5AA0ECCF-5C8A-4850-9DC1-0F9B3922CA67}.Debug|Any CPU.Build.0 = Debug|Any CPU
		{5AA0ECCF-5C8A-4850-9DC1-0F9B3922CA67}.Release|Any CPU.ActiveCfg = Release|Any CPU
		{5AA0ECCF-5C8A-4850-9DC1-0F9B3922CA67}.Release|Any CPU.Build.0 = Release|Any CPU
		{98CCCF3B-C81F-45B7-A455-6C47F263C852}.Debug|Any CPU.ActiveCfg = Debug|Any CPU
		{98CCCF3B-C81F-45B7-A455-6C47F263C852}.Debug|Any CPU.Build.0 = Debug|Any CPU
		{98CCCF3B-C81F-45B7-A455-6C47F263C852}.Release|Any CPU.ActiveCfg = Release|Any CPU
		{98CCCF3B-C81F-45B7-A455-6C47F263C852}.Release|Any CPU.Build.0 = Release|Any CPU
	EndGlobalSection
	GlobalSection(SolutionProperties) = preSolution
		HideSolutionNode = FALSE
	EndGlobalSection
EndGlobal
